
Microsoft Visual Studio Solution File, Format Version 12.00
# Visual Studio Version 16
VisualStudioVersion = 16.0.30804.86
MinimumVisualStudioVersion = 10.0.40219.1
Project("{FAE04EC0-301F-11D3-BF4B-00C04F79EFBC}") = "TCP_Server", "TCP_Server\TCP_Server.csproj", "{99489720-0A47-4C2D-9628-66041D70AC02}"
EndProject
Global
	GlobalSection(SolutionConfigurationPlatforms) = preSolution
		Debug|Any CPU = Debug|Any CPU
		Release|Any CPU = Release|Any CPU
	EndGlobalSection
	GlobalSection(ProjectConfigurationPlatforms) = postSolution
		{99489720-0A47-4C2D-9628-66041D70AC02}.Debug|Any CPU.ActiveCfg = Debug|Any CPU
		{99489720-0A47-4C2D-9628-66041D70AC02}.Debug|Any CPU.Build.0 = Debug|Any CPU
		{99489720-0A47-4C2D-9628-66041D70AC02}.Release|Any CPU.ActiveCfg = Release|Any CPU
		{99489720-0A47-4C2D-9628-66041D70AC02}.Release|Any CPU.Build.0 = Release|Any CPU
	EndGlobalSection
	GlobalSection(SolutionProperties) = preSolution
		HideSolutionNode = FALSE
	EndGlobalSection
	GlobalSection(ExtensibilityGlobals) = postSolution
		SolutionGuid = {09DC14BE-3B08-41F9-B6DC-C9A0F372F258}
	EndGlobalSection
EndGlobal
